
Microsoft Visual Studio Solution File, Format Version 12.00
# Visual Studio Version 17
VisualStudioVersion = 17.6.33723.286
MinimumVisualStudioVersion = 10.0.40219.1
Project("{9A19103F-16F7-4668-BE54-9A1E7A4F7556}") = "webapi", "webapi.csproj", "{45B8AB10-D9D9-4AB5-867A-E8EB39129B07}"
EndProject
Global
	GlobalSection(SolutionConfigurationPlatforms) = preSolution
		Debug|Any CPU = Debug|Any CPU
		Release|Any CPU = Release|Any CPU
	EndGlobalSection
	GlobalSection(ProjectConfigurationPlatforms) = postSolution
		{45B8AB10-D9D9-4AB5-867A-E8EB39129B07}.Debug|Any CPU.ActiveCfg = Debug|Any CPU
		{45B8AB10-D9D9-4AB5-867A-E8EB39129B07}.Debug|Any CPU.Build.0 = Debug|Any CPU
		{45B8AB10-D9D9-4AB5-867A-E8EB39129B07}.Release|Any CPU.ActiveCfg = Release|Any CPU
		{45B8AB10-D9D9-4AB5-867A-E8EB39129B07}.Release|Any CPU.Build.0 = Release|Any CPU
	EndGlobalSection
	GlobalSection(SolutionProperties) = preSolution
		HideSolutionNode = FALSE
	EndGlobalSection
	GlobalSection(ExtensibilityGlobals) = postSolution
		SolutionGuid = {CDFA38BE-041A-4EC0-BC5B-AC118574E2E3}
	EndGlobalSection
EndGlobal
